
Microsoft Visual Studio Solution File, Format Version 12.00
# Visual Studio Version 16
VisualStudioVersion = 16.0.30503.244
MinimumVisualStudioVersion = 10.0.40219.1
Project("{FAE04EC0-301F-11D3-BF4B-00C04F79EFBC}") = "AA_Crypto", "Ayoub_Allachi_Crypto\AA_Crypto.csproj", "{1CD2E051-7B90-48A7-9BBA-697AD2C55E11}"
EndProject
Global
	GlobalSection(SolutionConfigurationPlatforms) = preSolution
		Debug|Any CPU = Debug|Any CPU
		Release|Any CPU = Release|Any CPU
	EndGlobalSection
	GlobalSection(ProjectConfigurationPlatforms) = postSolution
		{1CD2E051-7B90-48A7-9BBA-697AD2C55E11}.Debug|Any CPU.ActiveCfg = Debug|Any CPU
		{1CD2E051-7B90-48A7-9BBA-697AD2C55E11}.Debug|Any CPU.Build.0 = Debug|Any CPU
		{1CD2E051-7B90-48A7-9BBA-697AD2C55E11}.Release|Any CPU.ActiveCfg = Release|Any CPU
		{1CD2E051-7B90-48A7-9BBA-697AD2C55E11}.Release|Any CPU.Build.0 = Release|Any CPU
	EndGlobalSection
	GlobalSection(SolutionProperties) = preSolution
		HideSolutionNode = FALSE
	EndGlobalSection
	GlobalSection(ExtensibilityGlobals) = postSolution
		SolutionGuid = {D9DA0F19-9C53-4BEC-9003-ECFE5E0B9D54}
	EndGlobalSection
EndGlobal
